{
  "name": "@piaozone.com/new-file-review",
  "version": "1.0.2",
  "lockfileVersion": 2,
  "requires": true,
  "packages": {
    "": {
      "name": "@piaozone.com/new-file-review",
      "version": "1.0.2",
      "license": "ISC",
      "dependencies": {
        "@piaozone.com/scan-image": "^1.0.40",
        "@piaozone.com/spin": "^1.0.4",
        "pdfjs-dist": "2.11.338",
        "prop-types": "^15.7.2",
        "react": "^16.12.0",
        "react-dom": "^16.12.0"
      }
    },
    "node_modules/@piaozone.com/icon": {
      "version": "1.0.4",
      "resolved": "http://202.104.120.128:10007/@piaozone.com/icon/download/@piaozone.com/icon-1.0.4.tgz",
      "integrity": "sha1-AfzDFAM/urJr6gW5/VoJ46WoL1Q=",
      "license": "ISC",
      "dependencies": {
        "react": "^16.13.1",
        "react-dom": "^16.13.1"
      }
    },
    "node_modules/@piaozone.com/process-image": {
      "version": "1.0.25",
      "resolved": "http://202.104.120.128:10007/@piaozone.com/process-image/download/@piaozone.com/process-image-1.0.25.tgz",
      "integrity": "sha1-YcsR09GAegatI5ZMNkFTzEqjXSo=",
      "license": "ISC"
    },
    "node_modules/@piaozone.com/react-events": {
      "version": "1.0.3",
      "resolved": "http://202.104.120.128:10007/@piaozone.com/react-events/download/@piaozone.com/react-events-1.0.3.tgz",
      "integrity": "sha1-ZwN4yLY4U76yRyMqS5A/1m0bqao=",
      "license": "ISC"
    },
    "node_modules/@piaozone.com/scan-image": {
      "version": "1.0.40",
      "resolved": "http://202.104.120.128:10007/@piaozone.com/scan-image/download/@piaozone.com/scan-image-1.0.40.tgz",
      "integrity": "sha1-YnJTOsG0svca1UOoyQ4LyzIHsXc=",
      "license": "ISC",
      "dependencies": {
        "@piaozone.com/icon": "^1.0.4",
        "@piaozone.com/process-image": "^1.0.24",
        "@piaozone.com/react-events": "^1.0.3",
        "@piaozone.com/spin": "^1.0.4",
        "immutable": "^4.0.0-rc.12",
        "react": "^16.13.1",
        "react-dom": "^16.13.1"
      }
    },
    "node_modules/@piaozone.com/spin": {
      "version": "1.0.4",
      "resolved": "http://202.104.120.128:10007/@piaozone.com/spin/download/@piaozone.com/spin-1.0.4.tgz",
      "integrity": "sha1-1aQQUlhS+OceygIO25zL+9watBQ=",
      "license": "ISC",
      "dependencies": {
        "react": "^16.13.1",
        "react-dom": "^16.13.1"
      }
    },
    "node_modules/immutable": {
      "version": "4.3.7",
      "resolved": "https://registry.npmmirror.com/immutable/-/immutable-4.3.7.tgz",
      "integrity": "sha512-1hqclzwYwjRDFLjcFxOM5AYkkG0rpFPpr1RLPMEuGczoS7YA8gLhy8SWXYRAA/XwfEHpfo3cw5JGioS32fnMRw=="
    },
    "node_modules/js-tokens": {
      "version": "4.0.0",
      "resolved": "https://registry.npmmirror.com/js-tokens/-/js-tokens-4.0.0.tgz",
      "integrity": "sha512-RdJUflcE3cUzKiMqQgsCu06FPu9UdIJO0beYbPhHN4k6apgJtifcoCtT9bcxOpYBtpD2kCM6Sbzg4CausW/PKQ=="
    },
    "node_modules/loose-envify": {
      "version": "1.4.0",
      "resolved": "https://registry.npmmirror.com/loose-envify/-/loose-envify-1.4.0.tgz",
      "integrity": "sha512-lyuxPGr/Wfhrlem2CL/UcnUc1zcqKAImBDzukY7Y5F/yQiNdko6+fRLevlw1HgMySw7f611UIY408EtxRSoK3Q==",
      "dependencies": {
        "js-tokens": "^3.0.0 || ^4.0.0"
      },
      "bin": {
        "loose-envify": "cli.js"
      }
    },
    "node_modules/object-assign": {
      "version": "4.1.1",
      "resolved": "https://registry.npmmirror.com/object-assign/-/object-assign-4.1.1.tgz",
      "integrity": "sha512-rJgTQnkUnH1sFw8yT6VSU3zD3sWmu6sZhIseY8VX+GRu3P6F7Fu+JNDoXfklElbLJSnc3FUQHVe4cU5hj+BcUg==",
      "engines": {
        "node": ">=0.10.0"
      }
    },
    "node_modules/pdfjs-dist": {
      "version": "2.11.338",
      "resolved": "https://registry.npmmirror.com/pdfjs-dist/-/pdfjs-dist-2.11.338.tgz",
      "integrity": "sha512-Ti5VTB0VvSdtTtc7TG71ghMx0SEuNcEs4ghVuZxW0p6OqLjMc0xekZV1B+MmlxEG2Du2e5jgazucWIG/SXTcdA==",
      "peerDependencies": {
        "worker-loader": "^3.0.8"
      },
      "peerDependenciesMeta": {
        "worker-loader": {
          "optional": true
        }
      }
    },
    "node_modules/prop-types": {
      "version": "15.8.1",
      "resolved": "https://registry.npmmirror.com/prop-types/-/prop-types-15.8.1.tgz",
      "integrity": "sha512-oj87CgZICdulUohogVAR7AjlC0327U4el4L6eAvOqCeudMDVU0NThNaV+b9Df4dXgSP1gXMTnPdhfe/2qDH5cg==",
      "dependencies": {
        "loose-envify": "^1.4.0",
        "object-assign": "^4.1.1",
        "react-is": "^16.13.1"
      }
    },
    "node_modules/react": {
      "version": "16.14.0",
      "resolved": "https://registry.npmmirror.com/react/-/react-16.14.0.tgz",
      "integrity": "sha512-0X2CImDkJGApiAlcf0ODKIneSwBPhqJawOa5wCtKbu7ZECrmS26NvtSILynQ66cgkT/RJ4LidJOc3bUESwmU8g==",
      "dependencies": {
        "loose-envify": "^1.1.0",
        "object-assign": "^4.1.1",
        "prop-types": "^15.6.2"
      },
      "engines": {
        "node": ">=0.10.0"
      }
    },
    "node_modules/react-dom": {
      "version": "16.14.0",
      "resolved": "https://registry.npmmirror.com/react-dom/-/react-dom-16.14.0.tgz",
      "integrity": "sha512-1gCeQXDLoIqMgqD3IO2Ah9bnf0w9kzhwN5q4FGnHZ67hBm9yePzB5JJAIQCc8x3pFnNlwFq4RidZggNAAkzWWw==",
      "dependencies": {
        "loose-envify": "^1.1.0",
        "object-assign": "^4.1.1",
        "prop-types": "^15.6.2",
        "scheduler": "^0.19.1"
      },
      "peerDependencies": {
        "react": "^16.14.0"
      }
    },
    "node_modules/react-is": {
      "version": "16.13.1",
      "resolved": "https://registry.npmmirror.com/react-is/-/react-is-16.13.1.tgz",
      "integrity": "sha512-24e6ynE2H+OKt4kqsOvNd8kBpV65zoxbA4BVsEOB3ARVWQki/DHzaUoC5KuON/BiccDaCCTZBuOcfZs70kR8bQ=="
    },
    "node_modules/scheduler": {
      "version": "0.19.1",
      "resolved": "https://registry.npmmirror.com/scheduler/-/scheduler-0.19.1.tgz",
      "integrity": "sha512-n/zwRWRYSUj0/3g/otKDRPMh6qv2SYMWNq85IEa8iZyAv8od9zDYpGSnpBEjNgcMNq6Scbu5KfIPxNF72R/2EA==",
      "dependencies": {
        "loose-envify": "^1.1.0",
        "object-assign": "^4.1.1"
      }
    }
  },
  "dependencies": {
    "@piaozone.com/icon": {
      "version": "1.0.4",
      "resolved": "http://202.104.120.128:10007/@piaozone.com/icon/download/@piaozone.com/icon-1.0.4.tgz",
      "integrity": "sha1-AfzDFAM/urJr6gW5/VoJ46WoL1Q=",
      "requires": {
        "react": "^16.13.1",
        "react-dom": "^16.13.1"
      }
    },
    "@piaozone.com/process-image": {
      "version": "1.0.25",
      "resolved": "http://202.104.120.128:10007/@piaozone.com/process-image/download/@piaozone.com/process-image-1.0.25.tgz",
      "integrity": "sha1-YcsR09GAegatI5ZMNkFTzEqjXSo="
    },
    "@piaozone.com/react-events": {
      "version": "1.0.3",
      "resolved": "http://202.104.120.128:10007/@piaozone.com/react-events/download/@piaozone.com/react-events-1.0.3.tgz",
      "integrity": "sha1-ZwN4yLY4U76yRyMqS5A/1m0bqao="
    },
    "@piaozone.com/scan-image": {
      "version": "1.0.40",
      "resolved": "http://202.104.120.128:10007/@piaozone.com/scan-image/download/@piaozone.com/scan-image-1.0.40.tgz",
      "integrity": "sha1-YnJTOsG0svca1UOoyQ4LyzIHsXc=",
      "requires": {
        "@piaozone.com/icon": "^1.0.4",
        "@piaozone.com/process-image": "^1.0.24",
        "@piaozone.com/react-events": "^1.0.3",
        "@piaozone.com/spin": "^1.0.4",
        "immutable": "^4.0.0-rc.12",
        "react": "^16.13.1",
        "react-dom": "^16.13.1"
      }
    },
    "@piaozone.com/spin": {
      "version": "1.0.4",
      "resolved": "http://202.104.120.128:10007/@piaozone.com/spin/download/@piaozone.com/spin-1.0.4.tgz",
      "integrity": "sha1-1aQQUlhS+OceygIO25zL+9watBQ=",
      "requires": {
        "react": "^16.13.1",
        "react-dom": "^16.13.1"
      }
    },
    "immutable": {
      "version": "4.3.7",
      "resolved": "https://registry.npmmirror.com/immutable/-/immutable-4.3.7.tgz",
      "integrity": "sha512-1hqclzwYwjRDFLjcFxOM5AYkkG0rpFPpr1RLPMEuGczoS7YA8gLhy8SWXYRAA/XwfEHpfo3cw5JGioS32fnMRw=="
    },
    "js-tokens": {
      "version": "4.0.0",
      "resolved": "https://registry.npmmirror.com/js-tokens/-/js-tokens-4.0.0.tgz",
      "integrity": "sha512-RdJUflcE3cUzKiMqQgsCu06FPu9UdIJO0beYbPhHN4k6apgJtifcoCtT9bcxOpYBtpD2kCM6Sbzg4CausW/PKQ=="
    },
    "loose-envify": {
      "version": "1.4.0",
      "resolved": "https://registry.npmmirror.com/loose-envify/-/loose-envify-1.4.0.tgz",
      "integrity": "sha512-lyuxPGr/Wfhrlem2CL/UcnUc1zcqKAImBDzukY7Y5F/yQiNdko6+fRLevlw1HgMySw7f611UIY408EtxRSoK3Q==",
      "requires": {
        "js-tokens": "^3.0.0 || ^4.0.0"
      }
    },
    "object-assign": {
      "version": "4.1.1",
      "resolved": "https://registry.npmmirror.com/object-assign/-/object-assign-4.1.1.tgz",
      "integrity": "sha512-rJgTQnkUnH1sFw8yT6VSU3zD3sWmu6sZhIseY8VX+GRu3P6F7Fu+JNDoXfklElbLJSnc3FUQHVe4cU5hj+BcUg=="
    },
    "pdfjs-dist": {
      "version": "2.11.338",
      "resolved": "https://registry.npmmirror.com/pdfjs-dist/-/pdfjs-dist-2.11.338.tgz",
      "integrity": "sha512-Ti5VTB0VvSdtTtc7TG71ghMx0SEuNcEs4ghVuZxW0p6OqLjMc0xekZV1B+MmlxEG2Du2e5jgazucWIG/SXTcdA==",
      "requires": {}
    },
    "prop-types": {
      "version": "15.8.1",
      "resolved": "https://registry.npmmirror.com/prop-types/-/prop-types-15.8.1.tgz",
      "integrity": "sha512-oj87CgZICdulUohogVAR7AjlC0327U4el4L6eAvOqCeudMDVU0NThNaV+b9Df4dXgSP1gXMTnPdhfe/2qDH5cg==",
      "requires": {
        "loose-envify": "^1.4.0",
        "object-assign": "^4.1.1",
        "react-is": "^16.13.1"
      }
    },
    "react": {
      "version": "16.14.0",
      "resolved": "https://registry.npmmirror.com/react/-/react-16.14.0.tgz",
      "integrity": "sha512-0X2CImDkJGApiAlcf0ODKIneSwBPhqJawOa5wCtKbu7ZECrmS26NvtSILynQ66cgkT/RJ4LidJOc3bUESwmU8g==",
      "requires": {
        "loose-envify": "^1.1.0",
        "object-assign": "^4.1.1",
        "prop-types": "^15.6.2"
      }
    },
    "react-dom": {
      "version": "16.14.0",
      "resolved": "https://registry.npmmirror.com/react-dom/-/react-dom-16.14.0.tgz",
      "integrity": "sha512-1gCeQXDLoIqMgqD3IO2Ah9bnf0w9kzhwN5q4FGnHZ67hBm9yePzB5JJAIQCc8x3pFnNlwFq4RidZggNAAkzWWw==",
      "requires": {
        "loose-envify": "^1.1.0",
        "object-assign": "^4.1.1",
        "prop-types": "^15.6.2",
        "scheduler": "^0.19.1"
      }
    },
    "react-is": {
      "version": "16.13.1",
      "resolved": "https://registry.npmmirror.com/react-is/-/react-is-16.13.1.tgz",
      "integrity": "sha512-24e6ynE2H+OKt4kqsOvNd8kBpV65zoxbA4BVsEOB3ARVWQki/DHzaUoC5KuON/BiccDaCCTZBuOcfZs70kR8bQ=="
    },
    "scheduler": {
      "version": "0.19.1",
      "resolved": "https://registry.npmmirror.com/scheduler/-/scheduler-0.19.1.tgz",
      "integrity": "sha512-n/zwRWRYSUj0/3g/otKDRPMh6qv2SYMWNq85IEa8iZyAv8od9zDYpGSnpBEjNgcMNq6Scbu5KfIPxNF72R/2EA==",
      "requires": {
        "loose-envify": "^1.1.0",
        "object-assign": "^4.1.1"
      }
    }
  }
}
