{
  "name": "@piaozone.com/scan-image",
  "version": "1.0.39",
  "lockfileVersion": 2,
  "requires": true,
  "packages": {
    "": {
      "name": "@piaozone.com/scan-image",
      "version": "1.0.39",
      "license": "ISC",
      "dependencies": {
        "@piaozone.com/icon": "^1.0.4",
        "@piaozone.com/process-image": "^1.0.24",
        "@piaozone.com/react-events": "^1.0.3",
        "@piaozone.com/spin": "^1.0.4",
        "immutable": "^4.0.0-rc.12",
        "react": "^16.13.1",
        "react-dom": "^16.13.1"
      },
      "devDependencies": {
        "prop-types": "^15.7.2"
      }
    },
    "node_modules/@piaozone.com/icon": {
      "version": "1.0.4",
      "resolved": "http://202.104.120.128:10007/@piaozone.com/icon/download/@piaozone.com/icon-1.0.4.tgz",
      "integrity": "sha1-AfzDFAM/urJr6gW5/VoJ46WoL1Q=",
      "license": "ISC",
      "dependencies": {
        "react": "^16.13.1",
        "react-dom": "^16.13.1"
      }
    },
    "node_modules/@piaozone.com/process-image": {
      "version": "1.0.24",
      "resolved": "http://202.104.120.128:10007/@piaozone.com/process-image/download/@piaozone.com/process-image-1.0.24.tgz",
      "integrity": "sha1-BVIWIX7Y89iY50pzDetLvoF/b4I=",
      "license": "ISC"
    },
    "node_modules/@piaozone.com/react-events": {
      "version": "1.0.3",
      "resolved": "http://202.104.120.128:10007/@piaozone.com/react-events/download/@piaozone.com/react-events-1.0.3.tgz",
      "integrity": "sha1-ZwN4yLY4U76yRyMqS5A/1m0bqao=",
      "license": "ISC"
    },
    "node_modules/@piaozone.com/spin": {
      "version": "1.0.4",
      "resolved": "http://202.104.120.128:10007/@piaozone.com/spin/download/@piaozone.com/spin-1.0.4.tgz",
      "integrity": "sha1-1aQQUlhS+OceygIO25zL+9watBQ=",
      "license": "ISC",
      "dependencies": {
        "react": "^16.13.1",
        "react-dom": "^16.13.1"
      }
    },
    "node_modules/immutable": {
      "version": "4.0.0-rc.12",
      "resolved": "https://registry.npmmirror.com/immutable/download/immutable-4.0.0-rc.12.tgz",
      "integrity": "sha1-ylmn5MGa6Nm/dKl73w9uLypdAhc="
    },
    "node_modules/js-tokens": {
      "version": "4.0.0",
      "resolved": "https://registry.npmmirror.com/js-tokens/download/js-tokens-4.0.0.tgz?cache=0&sync_timestamp=1586796260005&other_urls=https%3A%2F%2Fregistry.npmmirror.com%2Fjs-tokens%2Fdownload%2Fjs-tokens-4.0.0.tgz",
      "integrity": "sha1-GSA/tZmR35jjoocFDUZHzerzJJk="
    },
    "node_modules/loose-envify": {
      "version": "1.4.0",
      "resolved": "https://registry.npmmirror.com/loose-envify/download/loose-envify-1.4.0.tgz",
      "integrity": "sha1-ce5R+nvkyuwaY4OffmgtgTLTDK8=",
      "dependencies": {
        "js-tokens": "^3.0.0 || ^4.0.0"
      },
      "bin": {
        "loose-envify": "cli.js"
      }
    },
    "node_modules/object-assign": {
      "version": "4.1.1",
      "resolved": "https://registry.npmmirror.com/object-assign/download/object-assign-4.1.1.tgz?cache=0&sync_timestamp=1571657171505&other_urls=https%3A%2F%2Fregistry.npmmirror.com%2Fobject-assign%2Fdownload%2Fobject-assign-4.1.1.tgz",
      "integrity": "sha1-IQmtx5ZYh8/AXLvUQsrIv7s2CGM=",
      "engines": {
        "node": ">=0.10.0"
      }
    },
    "node_modules/prop-types": {
      "version": "15.7.2",
      "resolved": "https://registry.npmmirror.com/prop-types/download/prop-types-15.7.2.tgz",
      "integrity": "sha1-UsQedbjIfnK52TYOAga5ncv/psU=",
      "dependencies": {
        "loose-envify": "^1.4.0",
        "object-assign": "^4.1.1",
        "react-is": "^16.8.1"
      }
    },
    "node_modules/react": {
      "version": "16.13.1",
      "resolved": "https://registry.npmmirror.com/react/download/react-16.13.1.tgz",
      "integrity": "sha1-LoGIIvGpdDEiwGPWQQ2FweOv5I4=",
      "dependencies": {
        "loose-envify": "^1.1.0",
        "object-assign": "^4.1.1",
        "prop-types": "^15.6.2"
      },
      "engines": {
        "node": ">=0.10.0"
      }
    },
    "node_modules/react-dom": {
      "version": "16.13.1",
      "resolved": "https://registry.npmmirror.com/react-dom/download/react-dom-16.13.1.tgz",
      "integrity": "sha1-wb03MxoEhsB47lTEdAcgmTsuDn8=",
      "dependencies": {
        "loose-envify": "^1.1.0",
        "object-assign": "^4.1.1",
        "prop-types": "^15.6.2",
        "scheduler": "^0.19.1"
      },
      "peerDependencies": {
        "react": "^16.13.1"
      }
    },
    "node_modules/react-is": {
      "version": "16.13.1",
      "resolved": "https://registry.npmmirror.com/react-is/download/react-is-16.13.1.tgz",
      "integrity": "sha1-eJcppNw23imZ3BVt1sHZwYzqVqQ="
    },
    "node_modules/scheduler": {
      "version": "0.19.1",
      "resolved": "https://registry.npmmirror.com/scheduler/download/scheduler-0.19.1.tgz",
      "integrity": "sha1-Tz4u0sGn1laB9MhU+oxaHMtA8ZY=",
      "dependencies": {
        "loose-envify": "^1.1.0",
        "object-assign": "^4.1.1"
      }
    }
  },
  "dependencies": {
    "@piaozone.com/icon": {
      "version": "1.0.4",
      "resolved": "http://202.104.120.128:10007/@piaozone.com/icon/download/@piaozone.com/icon-1.0.4.tgz",
      "integrity": "sha1-AfzDFAM/urJr6gW5/VoJ46WoL1Q=",
      "requires": {
        "react": "^16.13.1",
        "react-dom": "^16.13.1"
      }
    },
    "@piaozone.com/process-image": {
      "version": "1.0.24",
      "resolved": "http://202.104.120.128:10007/@piaozone.com/process-image/download/@piaozone.com/process-image-1.0.24.tgz",
      "integrity": "sha1-BVIWIX7Y89iY50pzDetLvoF/b4I="
    },
    "@piaozone.com/react-events": {
      "version": "1.0.3",
      "resolved": "http://202.104.120.128:10007/@piaozone.com/react-events/download/@piaozone.com/react-events-1.0.3.tgz",
      "integrity": "sha1-ZwN4yLY4U76yRyMqS5A/1m0bqao="
    },
    "@piaozone.com/spin": {
      "version": "1.0.4",
      "resolved": "http://202.104.120.128:10007/@piaozone.com/spin/download/@piaozone.com/spin-1.0.4.tgz",
      "integrity": "sha1-1aQQUlhS+OceygIO25zL+9watBQ=",
      "requires": {
        "react": "^16.13.1",
        "react-dom": "^16.13.1"
      }
    },
    "immutable": {
      "version": "4.0.0-rc.12",
      "resolved": "https://registry.npmmirror.com/immutable/download/immutable-4.0.0-rc.12.tgz",
      "integrity": "sha1-ylmn5MGa6Nm/dKl73w9uLypdAhc="
    },
    "js-tokens": {
      "version": "4.0.0",
      "resolved": "https://registry.npmmirror.com/js-tokens/download/js-tokens-4.0.0.tgz?cache=0&sync_timestamp=1586796260005&other_urls=https%3A%2F%2Fregistry.npmmirror.com%2Fjs-tokens%2Fdownload%2Fjs-tokens-4.0.0.tgz",
      "integrity": "sha1-GSA/tZmR35jjoocFDUZHzerzJJk="
    },
    "loose-envify": {
      "version": "1.4.0",
      "resolved": "https://registry.npmmirror.com/loose-envify/download/loose-envify-1.4.0.tgz",
      "integrity": "sha1-ce5R+nvkyuwaY4OffmgtgTLTDK8=",
      "requires": {
        "js-tokens": "^3.0.0 || ^4.0.0"
      }
    },
    "object-assign": {
      "version": "4.1.1",
      "resolved": "https://registry.npmmirror.com/object-assign/download/object-assign-4.1.1.tgz?cache=0&sync_timestamp=1571657171505&other_urls=https%3A%2F%2Fregistry.npmmirror.com%2Fobject-assign%2Fdownload%2Fobject-assign-4.1.1.tgz",
      "integrity": "sha1-IQmtx5ZYh8/AXLvUQsrIv7s2CGM="
    },
    "prop-types": {
      "version": "15.7.2",
      "resolved": "https://registry.npmmirror.com/prop-types/download/prop-types-15.7.2.tgz",
      "integrity": "sha1-UsQedbjIfnK52TYOAga5ncv/psU=",
      "requires": {
        "loose-envify": "^1.4.0",
        "object-assign": "^4.1.1",
        "react-is": "^16.8.1"
      }
    },
    "react": {
      "version": "16.13.1",
      "resolved": "https://registry.npmmirror.com/react/download/react-16.13.1.tgz",
      "integrity": "sha1-LoGIIvGpdDEiwGPWQQ2FweOv5I4=",
      "requires": {
        "loose-envify": "^1.1.0",
        "object-assign": "^4.1.1",
        "prop-types": "^15.6.2"
      }
    },
    "react-dom": {
      "version": "16.13.1",
      "resolved": "https://registry.npmmirror.com/react-dom/download/react-dom-16.13.1.tgz",
      "integrity": "sha1-wb03MxoEhsB47lTEdAcgmTsuDn8=",
      "requires": {
        "loose-envify": "^1.1.0",
        "object-assign": "^4.1.1",
        "prop-types": "^15.6.2",
        "scheduler": "^0.19.1"
      }
    },
    "react-is": {
      "version": "16.13.1",
      "resolved": "https://registry.npmmirror.com/react-is/download/react-is-16.13.1.tgz",
      "integrity": "sha1-eJcppNw23imZ3BVt1sHZwYzqVqQ="
    },
    "scheduler": {
      "version": "0.19.1",
      "resolved": "https://registry.npmmirror.com/scheduler/download/scheduler-0.19.1.tgz",
      "integrity": "sha1-Tz4u0sGn1laB9MhU+oxaHMtA8ZY=",
      "requires": {
        "loose-envify": "^1.1.0",
        "object-assign": "^4.1.1"
      }
    }
  }
}
