{
    "name": "@piaozone.com/swjgFpdkV4",
    "version": "1.0.69",
    "lockfileVersion": 2,
    "requires": true,
    "packages": {
        "": {
            "name": "@piaozone.com/swjgFpdkV4",
            "version": "1.0.69",
            "license": "ISC",
            "dependencies": {
                "@piaozone.com/utils": "^1.1.33"
            },
            "devDependencies": {}
        },
        "node_modules/@piaozone.com/pwyConstants": {
            "version": "1.0.25",
            "resolved": "http://172.18.1.117:7001/@piaozone.com/pwyConstants/download/@piaozone.com/pwyConstants-1.0.25.tgz",
            "integrity": "sha1-5We5tWVdd5EB9CzcyebuHAld1vM=",
            "license": "ISC"
        },
        "node_modules/@piaozone.com/utils": {
            "version": "1.1.33",
            "resolved": "http://172.18.1.117:7001/@piaozone.com/utils/download/@piaozone.com/utils-1.1.33.tgz",
            "integrity": "sha1-lrdXqLZ/TW5qWgK7rwXpY8nPG44=",
            "license": "ISC",
            "dependencies": {
                "@piaozone.com/pwyConstants": "^1.0.7",
                "setprototypeof": "^1.2.0"
            }
        },
        "node_modules/setprototypeof": {
            "version": "1.2.0",
            "resolved": "https://registry.npmmirror.com/setprototypeof/-/setprototypeof-1.2.0.tgz",
            "integrity": "sha512-E5LDX7Wrp85Kil5bhZv46j8jOeboKq5JMmYM3gVGdGH8xFpPWXUMsNrlODCrkoxMEeNi/XZIwuRvY4XNwYMJpw=="
        }
    },
    "dependencies": {
        "@piaozone.com/pwyConstants": {
            "version": "1.0.25",
            "resolved": "http://172.18.1.117:7001/@piaozone.com/pwyConstants/download/@piaozone.com/pwyConstants-1.0.25.tgz",
            "integrity": "sha1-5We5tWVdd5EB9CzcyebuHAld1vM="
        },
        "@piaozone.com/utils": {
            "version": "1.1.33",
            "resolved": "http://172.18.1.117:7001/@piaozone.com/utils/download/@piaozone.com/utils-1.1.33.tgz",
            "integrity": "sha1-lrdXqLZ/TW5qWgK7rwXpY8nPG44=",
            "requires": {
                "@piaozone.com/pwyConstants": "^1.0.7",
                "setprototypeof": "^1.2.0"
            }
        },
        "setprototypeof": {
            "version": "1.2.0",
            "resolved": "https://registry.npmmirror.com/setprototypeof/-/setprototypeof-1.2.0.tgz",
            "integrity": "sha512-E5LDX7Wrp85Kil5bhZv46j8jOeboKq5JMmYM3gVGdGH8xFpPWXUMsNrlODCrkoxMEeNi/XZIwuRvY4XNwYMJpw=="
        }
    }
}
